
Microsoft Visual Studio Solution File, Format Version 12.00
# Visual Studio Version 17
VisualStudioVersion = 17.5.33530.505
MinimumVisualStudioVersion = 10.0.40219.1
Project("{FAE04EC0-301F-11D3-BF4B-00C04F79EFBC}") = "APKinesisLambda", "APKinesisLambda.csproj", "{F073E45F-E492-4A4F-BB60-0E9362B03BB1}"
EndProject
Global
	GlobalSection(SolutionConfigurationPlatforms) = preSolution
		Debug|Any CPU = Debug|Any CPU
		Release|Any CPU = Release|Any CPU
	EndGlobalSection
	GlobalSection(ProjectConfigurationPlatforms) = postSolution
		{F073E45F-E492-4A4F-BB60-0E9362B03BB1}.Debug|Any CPU.ActiveCfg = Debug|Any CPU
		{F073E45F-E492-4A4F-BB60-0E9362B03BB1}.Debug|Any CPU.Build.0 = Debug|Any CPU
		{F073E45F-E492-4A4F-BB60-0E9362B03BB1}.Release|Any CPU.ActiveCfg = Release|Any CPU
		{F073E45F-E492-4A4F-BB60-0E9362B03BB1}.Release|Any CPU.Build.0 = Release|Any CPU
	EndGlobalSection
	GlobalSection(SolutionProperties) = preSolution
		HideSolutionNode = FALSE
	EndGlobalSection
	GlobalSection(ExtensibilityGlobals) = postSolution
		SolutionGuid = {22AB8512-76E0-48F4-B3C0-BFD9DF8FEE9F}
	EndGlobalSection
EndGlobal
